// !$*UTF8*$!
{
	archiveVersion = 1;
	classes = {
	};
	objectVersion = 46;
	objects = {

/* Begin PBXBuildFile section */
		FB037EF7196EEF98006E383D /* AppDelegate.swift in Sources */ = {isa = PBXBuildFile; fileRef = FB037EF6196EEF98006E383D /* AppDelegate.swift */; };
		FB037EF9196EEF98006E383D /* RootViewController.swift in Sources */ = {isa = PBXBuildFile; fileRef = FB037EF8196EEF98006E383D /* RootViewController.swift */; };
		FB037EFC196EEF98006E383D /* Main.storyboard in Resources */ = {isa = PBXBuildFile; fileRef = FB037EFA196EEF98006E383D /* Main.storyboard */; };
		FB037EFE196EEF98006E383D /* Images.xcassets in Resources */ = {isa = PBXBuildFile; fileRef = FB037EFD196EEF98006E383D /* Images.xcassets */; };
		FB037F0A196EEF98006E383D /* OScopeTests.swift in Sources */ = {isa = PBXBuildFile; fileRef = FB037F09196EEF98006E383D /* OScopeTests.swift */; };
		FB037F18196EF194006E383D /* ScopeViewController.swift in Sources */ = {isa = PBXBuildFile; fileRef = FB037F17196EF194006E383D /* ScopeViewController.swift */; };
		FB037F1A196EF1AA006E383D /* SignalVisualizerView.swift in Sources */ = {isa = PBXBuildFile; fileRef = FB037F19196EF1AA006E383D /* SignalVisualizerView.swift */; };
		FB20A61E197824B500BD0551 /* KnobRenderer.swift in Sources */ = {isa = PBXBuildFile; fileRef = FB20A61D197824B500BD0551 /* KnobRenderer.swift */; };
		FB454210197C8772000852C5 /* Future.swift in Sources */ = {isa = PBXBuildFile; fileRef = FB45420F197C8772000852C5 /* Future.swift */; };
		FB454212197C882C000852C5 /* ExecutionContext.swift in Sources */ = {isa = PBXBuildFile; fileRef = FB454211197C882C000852C5 /* ExecutionContext.swift */; };
		FB454214197C8832000852C5 /* GCDExecutionContext.swift in Sources */ = {isa = PBXBuildFile; fileRef = FB454213197C8832000852C5 /* GCDExecutionContext.swift */; };
		FB4A8186197AC5F700BB0D72 /* RWRotationGestureRecognizer.m in Sources */ = {isa = PBXBuildFile; fileRef = FBA9D85D1977659100EC6BD1 /* RWRotationGestureRecognizer.m */; };
		FB6B2B201975C0BE00B57828 /* NetworkNode.swift in Sources */ = {isa = PBXBuildFile; fileRef = FBF86CAD1973DBBC0090AD78 /* NetworkNode.swift */; };
		FBA8768319761D7300362199 /* NetworkNodeLayout.swift in Sources */ = {isa = PBXBuildFile; fileRef = FBA8768219761D7300362199 /* NetworkNodeLayout.swift */; };
		FBA8768419762ABF00362199 /* NetworkNodeLayout.swift in Sources */ = {isa = PBXBuildFile; fileRef = FBA8768219761D7300362199 /* NetworkNodeLayout.swift */; };
		FBA876861976B2DD00362199 /* NetworkView.swift in Sources */ = {isa = PBXBuildFile; fileRef = FBA876851976B2DD00362199 /* NetworkView.swift */; };
		FBA9D85719774A3F00EC6BD1 /* HighlightButton.swift in Sources */ = {isa = PBXBuildFile; fileRef = FBA9D85619774A3F00EC6BD1 /* HighlightButton.swift */; };
		FBA9D8601977659100EC6BD1 /* RWRotationGestureRecognizer.m in Sources */ = {isa = PBXBuildFile; fileRef = FBA9D85D1977659100EC6BD1 /* RWRotationGestureRecognizer.m */; };
		FBC167511977FCAD002F65A2 /* KnobControl.swift in Sources */ = {isa = PBXBuildFile; fileRef = FBC167501977FCAD002F65A2 /* KnobControl.swift */; };
		FBD289BF1980AAED00E549F8 /* Signal.framework in Frameworks */ = {isa = PBXBuildFile; fileRef = FBD289B01980AA1A00E549F8 /* Signal.framework */; };
		FBE510A319730E26004A7D07 /* NetworkViewController.swift in Sources */ = {isa = PBXBuildFile; fileRef = FBE510A219730E26004A7D07 /* NetworkViewController.swift */; };
		FBE5EC4B197C8C2200143C03 /* Future.swift in Sources */ = {isa = PBXBuildFile; fileRef = FB45420F197C8772000852C5 /* Future.swift */; };
		FBE5EC4C197C8C2500143C03 /* ExecutionContext.swift in Sources */ = {isa = PBXBuildFile; fileRef = FB454211197C882C000852C5 /* ExecutionContext.swift */; };
		FBE5EC4D197C8C2800143C03 /* GCDExecutionContext.swift in Sources */ = {isa = PBXBuildFile; fileRef = FB454213197C8832000852C5 /* GCDExecutionContext.swift */; };
		FBF86CAE1973DBBC0090AD78 /* NetworkNode.swift in Sources */ = {isa = PBXBuildFile; fileRef = FBF86CAD1973DBBC0090AD78 /* NetworkNode.swift */; };
		FBF86CB21973E2860090AD78 /* Lambda.swift in Sources */ = {isa = PBXBuildFile; fileRef = FBF86CB11973E2860090AD78 /* Lambda.swift */; };
		FBF86CB31973E3910090AD78 /* Lambda.swift in Sources */ = {isa = PBXBuildFile; fileRef = FBF86CB11973E2860090AD78 /* Lambda.swift */; };
/* End PBXBuildFile section */

/* Begin PBXContainerItemProxy section */
		FB037F04196EEF98006E383D /* PBXContainerItemProxy */ = {
			isa = PBXContainerItemProxy;
			containerPortal = FB037EE9196EEF98006E383D /* Project object */;
			proxyType = 1;
			remoteGlobalIDString = FB037EF0196EEF98006E383D;
			remoteInfo = OScope;
		};
		FB2361511970A05E0020FD9C /* PBXContainerItemProxy */ = {
			isa = PBXContainerItemProxy;
			containerPortal = FB037EE9196EEF98006E383D /* Project object */;
			proxyType = 1;
			remoteGlobalIDString = FB037EF0196EEF98006E383D;
			remoteInfo = OScope;
		};
		FBD289AF1980AA1A00E549F8 /* PBXContainerItemProxy */ = {
			isa = PBXContainerItemProxy;
			containerPortal = FBD289AA1980AA1900E549F8 /* Signal.xcodeproj */;
			proxyType = 2;
			remoteGlobalIDString = FBD2898E1980AA1900E549F8;
			remoteInfo = Signal;
		};
		FBD289B11980AA1A00E549F8 /* PBXContainerItemProxy */ = {
			isa = PBXContainerItemProxy;
			containerPortal = FBD289AA1980AA1900E549F8 /* Signal.xcodeproj */;
			proxyType = 2;
			remoteGlobalIDString = FBD289991980AA1900E549F8;
			remoteInfo = SignalTests;
		};
/* End PBXContainerItemProxy section */

/* Begin PBXFileReference section */
		FB037EF1196EEF98006E383D /* OScope.app */ = {isa = PBXFileReference; explicitFileType = wrapper.application; includeInIndex = 0; path = OScope.app; sourceTree = BUILT_PRODUCTS_DIR; };
		FB037EF5196EEF98006E383D /* Info.plist */ = {isa = PBXFileReference; lastKnownFileType = text.plist.xml; path = Info.plist; sourceTree = "<group>"; };
		FB037EF6196EEF98006E383D /* AppDelegate.swift */ = {isa = PBXFileReference; lastKnownFileType = sourcecode.swift; path = AppDelegate.swift; sourceTree = "<group>"; };
		FB037EF8196EEF98006E383D /* RootViewController.swift */ = {isa = PBXFileReference; lastKnownFileType = sourcecode.swift; lineEnding = 0; path = RootViewController.swift; sourceTree = "<group>"; xcLanguageSpecificationIdentifier = xcode.lang.swift; };
		FB037EFB196EEF98006E383D /* Base */ = {isa = PBXFileReference; lastKnownFileType = file.storyboard; name = Base; path = Base.lproj/Main.storyboard; sourceTree = "<group>"; };
		FB037EFD196EEF98006E383D /* Images.xcassets */ = {isa = PBXFileReference; lastKnownFileType = folder.assetcatalog; path = Images.xcassets; sourceTree = "<group>"; };
		FB037F03196EEF98006E383D /* OScopeTests.xctest */ = {isa = PBXFileReference; explicitFileType = wrapper.cfbundle; includeInIndex = 0; path = OScopeTests.xctest; sourceTree = BUILT_PRODUCTS_DIR; };
		FB037F08196EEF98006E383D /* Info.plist */ = {isa = PBXFileReference; lastKnownFileType = text.plist.xml; path = Info.plist; sourceTree = "<group>"; };
		FB037F09196EEF98006E383D /* OScopeTests.swift */ = {isa = PBXFileReference; lastKnownFileType = sourcecode.swift; path = OScopeTests.swift; sourceTree = "<group>"; };
		FB037F17196EF194006E383D /* ScopeViewController.swift */ = {isa = PBXFileReference; fileEncoding = 4; lastKnownFileType = sourcecode.swift; lineEnding = 0; path = ScopeViewController.swift; sourceTree = "<group>"; xcLanguageSpecificationIdentifier = xcode.lang.swift; };
		FB037F19196EF1AA006E383D /* SignalVisualizerView.swift */ = {isa = PBXFileReference; fileEncoding = 4; lastKnownFileType = sourcecode.swift; lineEnding = 0; path = SignalVisualizerView.swift; sourceTree = "<group>"; xcLanguageSpecificationIdentifier = xcode.lang.swift; };
		FB20A61D197824B500BD0551 /* KnobRenderer.swift */ = {isa = PBXFileReference; fileEncoding = 4; lastKnownFileType = sourcecode.swift; path = KnobRenderer.swift; sourceTree = "<group>"; };
		FB20A62119789E9800BD0551 /* FFTAccelerate.cpp */ = {isa = PBXFileReference; fileEncoding = 4; lastKnownFileType = sourcecode.cpp.cpp; name = FFTAccelerate.cpp; path = OScope/FFTAccelerate.cpp; sourceTree = "<group>"; };
		FB20A62319789EBA00BD0551 /* FFTAccelerate.h */ = {isa = PBXFileReference; lastKnownFileType = sourcecode.c.h; name = FFTAccelerate.h; path = OScope/FFTAccelerate.h; sourceTree = "<group>"; };
		FB23614F197094210020FD9C /* lcm.swift */ = {isa = PBXFileReference; fileEncoding = 4; lastKnownFileType = sourcecode.swift; name = lcm.swift; path = OScope/lcm.swift; sourceTree = "<group>"; };
		FB45420F197C8772000852C5 /* Future.swift */ = {isa = PBXFileReference; fileEncoding = 4; lastKnownFileType = sourcecode.swift; path = Future.swift; sourceTree = "<group>"; };
		FB454211197C882C000852C5 /* ExecutionContext.swift */ = {isa = PBXFileReference; fileEncoding = 4; lastKnownFileType = sourcecode.swift; path = ExecutionContext.swift; sourceTree = "<group>"; };
		FB454213197C8832000852C5 /* GCDExecutionContext.swift */ = {isa = PBXFileReference; fileEncoding = 4; lastKnownFileType = sourcecode.swift; path = GCDExecutionContext.swift; sourceTree = "<group>"; };
		FBA8768219761D7300362199 /* NetworkNodeLayout.swift */ = {isa = PBXFileReference; fileEncoding = 4; lastKnownFileType = sourcecode.swift; path = NetworkNodeLayout.swift; sourceTree = "<group>"; };
		FBA876851976B2DD00362199 /* NetworkView.swift */ = {isa = PBXFileReference; fileEncoding = 4; lastKnownFileType = sourcecode.swift; path = NetworkView.swift; sourceTree = "<group>"; };
		FBA9D85619774A3F00EC6BD1 /* HighlightButton.swift */ = {isa = PBXFileReference; fileEncoding = 4; lastKnownFileType = sourcecode.swift; path = HighlightButton.swift; sourceTree = "<group>"; };
		FBA9D85C1977659100EC6BD1 /* RWRotationGestureRecognizer.h */ = {isa = PBXFileReference; fileEncoding = 4; lastKnownFileType = sourcecode.c.h; name = RWRotationGestureRecognizer.h; path = "../../../src/RW-KnobControl/KnobControl/RWRotationGestureRecognizer.h"; sourceTree = "<group>"; };
		FBA9D85D1977659100EC6BD1 /* RWRotationGestureRecognizer.m */ = {isa = PBXFileReference; fileEncoding = 4; lastKnownFileType = sourcecode.c.objc; name = RWRotationGestureRecognizer.m; path = "../../../src/RW-KnobControl/KnobControl/RWRotationGestureRecognizer.m"; sourceTree = "<group>"; };
		FBA9D8641977665700EC6BD1 /* OScope-Bridging-Header.h */ = {isa = PBXFileReference; lastKnownFileType = sourcecode.c.h; path = "OScope-Bridging-Header.h"; sourceTree = "<group>"; };
		FBB7D7E01972DEF900D1D3D4 /* MyPlayground.playground */ = {isa = PBXFileReference; lastKnownFileType = file.playground; path = MyPlayground.playground; sourceTree = "<group>"; };
		FBC167501977FCAD002F65A2 /* KnobControl.swift */ = {isa = PBXFileReference; fileEncoding = 4; lastKnownFileType = sourcecode.swift; path = KnobControl.swift; sourceTree = "<group>"; };
		FBD289AA1980AA1900E549F8 /* Signal.xcodeproj */ = {isa = PBXFileReference; lastKnownFileType = "wrapper.pb-project"; name = Signal.xcodeproj; path = Signal/Signal.xcodeproj; sourceTree = "<group>"; };
		FBE510A219730E26004A7D07 /* NetworkViewController.swift */ = {isa = PBXFileReference; fileEncoding = 4; lastKnownFileType = sourcecode.swift; path = NetworkViewController.swift; sourceTree = "<group>"; };
		FBF86CAD1973DBBC0090AD78 /* NetworkNode.swift */ = {isa = PBXFileReference; fileEncoding = 4; lastKnownFileType = sourcecode.swift; lineEnding = 0; path = NetworkNode.swift; sourceTree = "<group>"; xcLanguageSpecificationIdentifier = xcode.lang.swift; };
		FBF86CB11973E2860090AD78 /* Lambda.swift */ = {isa = PBXFileReference; fileEncoding = 4; lastKnownFileType = sourcecode.swift; path = Lambda.swift; sourceTree = "<group>"; };
/* End PBXFileReference section */

/* Begin PBXFrameworksBuildPhase section */
		FB037EEE196EEF98006E383D /* Frameworks */ = {
			isa = PBXFrameworksBuildPhase;
			buildActionMask = 2147483647;
			files = (
				FBD289BF1980AAED00E549F8 /* Signal.framework in Frameworks */,
			);
			runOnlyForDeploymentPostprocessing = 0;
		};
		FB037F00196EEF98006E383D /* Frameworks */ = {
			isa = PBXFrameworksBuildPhase;
			buildActionMask = 2147483647;
			files = (
			);
			runOnlyForDeploymentPostprocessing = 0;
		};
/* End PBXFrameworksBuildPhase section */

/* Begin PBXGroup section */
		FB037EE8196EEF98006E383D = {
			isa = PBXGroup;
			children = (
				FBD289AA1980AA1900E549F8 /* Signal.xcodeproj */,
				FBF86CB11973E2860090AD78 /* Lambda.swift */,
				FB45420F197C8772000852C5 /* Future.swift */,
				FB454211197C882C000852C5 /* ExecutionContext.swift */,
				FB454213197C8832000852C5 /* GCDExecutionContext.swift */,
				FB4A8187197ACD0800BB0D72 /* Unused */,
				FBB7D7E01972DEF900D1D3D4 /* MyPlayground.playground */,
				FB037EF3196EEF98006E383D /* OScope */,
				FB037F06196EEF98006E383D /* OScopeTests */,
				FB037EF2196EEF98006E383D /* Products */,
			);
			sourceTree = "<group>";
		};
		FB037EF2196EEF98006E383D /* Products */ = {
			isa = PBXGroup;
			children = (
				FB037EF1196EEF98006E383D /* OScope.app */,
				FB037F03196EEF98006E383D /* OScopeTests.xctest */,
			);
			name = Products;
			sourceTree = "<group>";
		};
		FB037EF3196EEF98006E383D /* OScope */ = {
			isa = PBXGroup;
			children = (
				FB037EF6196EEF98006E383D /* AppDelegate.swift */,
				FBA876881976B30E00362199 /* ViewControllers */,
				FBA876871976B2FA00362199 /* Views */,
				FBE510A119730773004A7D07 /* Model */,
				FB6B2B1F1974B82100B57828 /* ViewModel */,
				FB037EFA196EEF98006E383D /* Main.storyboard */,
				FB037EFD196EEF98006E383D /* Images.xcassets */,
				FB037EF4196EEF98006E383D /* Supporting Files */,
			);
			path = OScope;
			sourceTree = "<group>";
		};
		FB037EF4196EEF98006E383D /* Supporting Files */ = {
			isa = PBXGroup;
			children = (
				FB037EF5196EEF98006E383D /* Info.plist */,
				FBA9D8641977665700EC6BD1 /* OScope-Bridging-Header.h */,
			);
			name = "Supporting Files";
			sourceTree = "<group>";
		};
		FB037F06196EEF98006E383D /* OScopeTests */ = {
			isa = PBXGroup;
			children = (
				FB037F09196EEF98006E383D /* OScopeTests.swift */,
				FB037F07196EEF98006E383D /* Supporting Files */,
			);
			path = OScopeTests;
			sourceTree = "<group>";
		};
		FB037F07196EEF98006E383D /* Supporting Files */ = {
			isa = PBXGroup;
			children = (
				FB037F08196EEF98006E383D /* Info.plist */,
			);
			name = "Supporting Files";
			sourceTree = "<group>";
		};
		FB4A8187197ACD0800BB0D72 /* Unused */ = {
			isa = PBXGroup;
			children = (
				FB23614F197094210020FD9C /* lcm.swift */,
				FB20A62119789E9800BD0551 /* FFTAccelerate.cpp */,
				FB20A62319789EBA00BD0551 /* FFTAccelerate.h */,
			);
			name = Unused;
			sourceTree = "<group>";
		};
		FB6B2B1F1974B82100B57828 /* ViewModel */ = {
			isa = PBXGroup;
			children = (
				FBA8768219761D7300362199 /* NetworkNodeLayout.swift */,
			);
			name = ViewModel;
			sourceTree = "<group>";
		};
		FBA876871976B2FA00362199 /* Views */ = {
			isa = PBXGroup;
			children = (
				FBC167501977FCAD002F65A2 /* KnobControl.swift */,
				FB20A61D197824B500BD0551 /* KnobRenderer.swift */,
				FBA9D85C1977659100EC6BD1 /* RWRotationGestureRecognizer.h */,
				FBA9D85D1977659100EC6BD1 /* RWRotationGestureRecognizer.m */,
				FB037F19196EF1AA006E383D /* SignalVisualizerView.swift */,
				FBA876851976B2DD00362199 /* NetworkView.swift */,
				FBA9D85619774A3F00EC6BD1 /* HighlightButton.swift */,
			);
			name = Views;
			sourceTree = "<group>";
		};
		FBA876881976B30E00362199 /* ViewControllers */ = {
			isa = PBXGroup;
			children = (
				FB037EF8196EEF98006E383D /* RootViewController.swift */,
				FB037F17196EF194006E383D /* ScopeViewController.swift */,
				FBE510A219730E26004A7D07 /* NetworkViewController.swift */,
			);
			name = ViewControllers;
			sourceTree = "<group>";
		};
		FBD289AB1980AA1900E549F8 /* Products */ = {
			isa = PBXGroup;
			children = (
				FBD289B01980AA1A00E549F8 /* Signal.framework */,
				FBD289B21980AA1A00E549F8 /* SignalTests.xctest */,
			);
			name = Products;
			sourceTree = "<group>";
		};
		FBE510A119730773004A7D07 /* Model */ = {
			isa = PBXGroup;
			children = (
				FBF86CAD1973DBBC0090AD78 /* NetworkNode.swift */,
			);
			name = Model;
			sourceTree = "<group>";
		};
/* End PBXGroup section */

/* Begin PBXNativeTarget section */
		FB037EF0196EEF98006E383D /* OScope */ = {
			isa = PBXNativeTarget;
			buildConfigurationList = FB037F0D196EEF98006E383D /* Build configuration list for PBXNativeTarget "OScope" */;
			buildPhases = (
				FB037EED196EEF98006E383D /* Sources */,
				FB037EEE196EEF98006E383D /* Frameworks */,
				FB037EEF196EEF98006E383D /* Resources */,
			);
			buildRules = (
			);
			dependencies = (
			);
			name = OScope;
			productName = OScope;
			productReference = FB037EF1196EEF98006E383D /* OScope.app */;
			productType = "com.apple.product-type.application";
		};
		FB037F02196EEF98006E383D /* OScopeTests */ = {
			isa = PBXNativeTarget;
			buildConfigurationList = FB037F10196EEF98006E383D /* Build configuration list for PBXNativeTarget "OScopeTests" */;
			buildPhases = (
				FB037EFF196EEF98006E383D /* Sources */,
				FB037F00196EEF98006E383D /* Frameworks */,
				FB037F01196EEF98006E383D /* Resources */,
			);
			buildRules = (
			);
			dependencies = (
				FB037F05196EEF98006E383D /* PBXTargetDependency */,
				FB2361521970A05E0020FD9C /* PBXTargetDependency */,
			);
			name = OScopeTests;
			productName = OScopeTests;
			productReference = FB037F03196EEF98006E383D /* OScopeTests.xctest */;
			productType = "com.apple.product-type.bundle.unit-test";
		};
/* End PBXNativeTarget section */

/* Begin PBXProject section */
		FB037EE9196EEF98006E383D /* Project object */ = {
			isa = PBXProject;
			attributes = {
				LastUpgradeCheck = 0600;
				ORGANIZATIONNAME = "Rob Napier";
				TargetAttributes = {
					FB037EF0196EEF98006E383D = {
						CreatedOnToolsVersion = 6.0;
					};
					FB037F02196EEF98006E383D = {
						CreatedOnToolsVersion = 6.0;
						TestTargetID = FB037EF0196EEF98006E383D;
					};
				};
			};
			buildConfigurationList = FB037EEC196EEF98006E383D /* Build configuration list for PBXProject "OScope" */;
			compatibilityVersion = "Xcode 3.2";
			developmentRegion = English;
			hasScannedForEncodings = 0;
			knownRegions = (
				en,
				Base,
			);
			mainGroup = FB037EE8196EEF98006E383D;
			productRefGroup = FB037EF2196EEF98006E383D /* Products */;
			projectDirPath = "";
			projectReferences = (
				{
					ProductGroup = FBD289AB1980AA1900E549F8 /* Products */;
					ProjectRef = FBD289AA1980AA1900E549F8 /* Signal.xcodeproj */;
				},
			);
			projectRoot = "";
			targets = (
				FB037EF0196EEF98006E383D /* OScope */,
				FB037F02196EEF98006E383D /* OScopeTests */,
			);
		};
/* End PBXProject section */

/* Begin PBXReferenceProxy section */
		FBD289B01980AA1A00E549F8 /* Signal.framework */ = {
			isa = PBXReferenceProxy;
			fileType = wrapper.framework;
			path = Signal.framework;
			remoteRef = FBD289AF1980AA1A00E549F8 /* PBXContainerItemProxy */;
			sourceTree = BUILT_PRODUCTS_DIR;
		};
		FBD289B21980AA1A00E549F8 /* SignalTests.xctest */ = {
			isa = PBXReferenceProxy;
			fileType = wrapper.cfbundle;
			path = SignalTests.xctest;
			remoteRef = FBD289B11980AA1A00E549F8 /* PBXContainerItemProxy */;
			sourceTree = BUILT_PRODUCTS_DIR;
		};
/* End PBXReferenceProxy section */

/* Begin PBXResourcesBuildPhase section */
		FB037EEF196EEF98006E383D /* Resources */ = {
			isa = PBXResourcesBuildPhase;
			buildActionMask = 2147483647;
			files = (
				FB037EFC196EEF98006E383D /* Main.storyboard in Resources */,
				FB037EFE196EEF98006E383D /* Images.xcassets in Resources */,
			);
			runOnlyForDeploymentPostprocessing = 0;
		};
		FB037F01196EEF98006E383D /* Resources */ = {
			isa = PBXResourcesBuildPhase;
			buildActionMask = 2147483647;
			files = (
			);
			runOnlyForDeploymentPostprocessing = 0;
		};
/* End PBXResourcesBuildPhase section */

/* Begin PBXSourcesBuildPhase section */
		FB037EED196EEF98006E383D /* Sources */ = {
			isa = PBXSourcesBuildPhase;
			buildActionMask = 2147483647;
			files = (
				FBE510A319730E26004A7D07 /* NetworkViewController.swift in Sources */,
				FBA8768319761D7300362199 /* NetworkNodeLayout.swift in Sources */,
				FB037F18196EF194006E383D /* ScopeViewController.swift in Sources */,
				FBC167511977FCAD002F65A2 /* KnobControl.swift in Sources */,
				FBA9D8601977659100EC6BD1 /* RWRotationGestureRecognizer.m in Sources */,
				FBF86CAE1973DBBC0090AD78 /* NetworkNode.swift in Sources */,
				FBF86CB21973E2860090AD78 /* Lambda.swift in Sources */,
				FBA9D85719774A3F00EC6BD1 /* HighlightButton.swift in Sources */,
				FB454210197C8772000852C5 /* Future.swift in Sources */,
				FB037F1A196EF1AA006E383D /* SignalVisualizerView.swift in Sources */,
				FBA876861976B2DD00362199 /* NetworkView.swift in Sources */,
				FB037EF9196EEF98006E383D /* RootViewController.swift in Sources */,
				FB454214197C8832000852C5 /* GCDExecutionContext.swift in Sources */,
				FB20A61E197824B500BD0551 /* KnobRenderer.swift in Sources */,
				FB454212197C882C000852C5 /* ExecutionContext.swift in Sources */,
				FB037EF7196EEF98006E383D /* AppDelegate.swift in Sources */,
			);
			runOnlyForDeploymentPostprocessing = 0;
		};
		FB037EFF196EEF98006E383D /* Sources */ = {
			isa = PBXSourcesBuildPhase;
			buildActionMask = 2147483647;
			files = (
				FBF86CB31973E3910090AD78 /* Lambda.swift in Sources */,
				FBA8768419762ABF00362199 /* NetworkNodeLayout.swift in Sources */,
				FB4A8186197AC5F700BB0D72 /* RWRotationGestureRecognizer.m in Sources */,
				FBE5EC4D197C8C2800143C03 /* GCDExecutionContext.swift in Sources */,
				FB6B2B201975C0BE00B57828 /* NetworkNode.swift in Sources */,
				FBE5EC4C197C8C2500143C03 /* ExecutionContext.swift in Sources */,
				FBE5EC4B197C8C2200143C03 /* Future.swift in Sources */,
				FB037F0A196EEF98006E383D /* OScopeTests.swift in Sources */,
			);
			runOnlyForDeploymentPostprocessing = 0;
		};
/* End PBXSourcesBuildPhase section */

/* Begin PBXTargetDependency section */
		FB037F05196EEF98006E383D /* PBXTargetDependency */ = {
			isa = PBXTargetDependency;
			target = FB037EF0196EEF98006E383D /* OScope */;
			targetProxy = FB037F04196EEF98006E383D /* PBXContainerItemProxy */;
		};
		FB2361521970A05E0020FD9C /* PBXTargetDependency */ = {
			isa = PBXTargetDependency;
			target = FB037EF0196EEF98006E383D /* OScope */;
			targetProxy = FB2361511970A05E0020FD9C /* PBXContainerItemProxy */;
		};
/* End PBXTargetDependency section */

/* Begin PBXVariantGroup section */
		FB037EFA196EEF98006E383D /* Main.storyboard */ = {
			isa = PBXVariantGroup;
			children = (
				FB037EFB196EEF98006E383D /* Base */,
			);
			name = Main.storyboard;
			sourceTree = "<group>";
		};
/* End PBXVariantGroup section */

/* Begin XCBuildConfiguration section */
		FB037F0B196EEF98006E383D /* Debug */ = {
			isa = XCBuildConfiguration;
			buildSettings = {
				ALWAYS_SEARCH_USER_PATHS = NO;
				CLANG_CXX_LANGUAGE_STANDARD = "gnu++0x";
				CLANG_CXX_LIBRARY = "libc++";
				CLANG_ENABLE_MODULES = YES;
				CLANG_ENABLE_OBJC_ARC = YES;
				CLANG_WARN_BOOL_CONVERSION = YES;
				CLANG_WARN_CONSTANT_CONVERSION = YES;
				CLANG_WARN_DIRECT_OBJC_ISA_USAGE = YES_ERROR;
				CLANG_WARN_EMPTY_BODY = YES;
				CLANG_WARN_ENUM_CONVERSION = YES;
				CLANG_WARN_INT_CONVERSION = YES;
				CLANG_WARN_OBJC_ROOT_CLASS = YES_ERROR;
				CLANG_WARN_UNREACHABLE_CODE = YES;
				CLANG_WARN__DUPLICATE_METHOD_MATCH = YES;
				"CODE_SIGN_IDENTITY[sdk=iphoneos*]" = "iPhone Developer";
				COPY_PHASE_STRIP = NO;
				ENABLE_STRICT_OBJC_MSGSEND = YES;
				GCC_C_LANGUAGE_STANDARD = gnu99;
				GCC_DYNAMIC_NO_PIC = NO;
				GCC_OPTIMIZATION_LEVEL = 0;
				GCC_PREPROCESSOR_DEFINITIONS = (
					"DEBUG=1",
					"$(inherited)",
				);
				GCC_SYMBOLS_PRIVATE_EXTERN = NO;
				GCC_WARN_64_TO_32_BIT_CONVERSION = YES;
				GCC_WARN_ABOUT_RETURN_TYPE = YES_ERROR;
				GCC_WARN_UNDECLARED_SELECTOR = YES;
				GCC_WARN_UNINITIALIZED_AUTOS = YES_AGGRESSIVE;
				GCC_WARN_UNUSED_FUNCTION = YES;
				GCC_WARN_UNUSED_VARIABLE = YES;
				IPHONEOS_DEPLOYMENT_TARGET = 8.0;
				MTL_ENABLE_DEBUG_INFO = YES;
				ONLY_ACTIVE_ARCH = YES;
				SDKROOT = iphoneos;
				SWIFT_OBJC_BRIDGING_HEADER = "OScope/OScope-Bridging-Header.h";
				SWIFT_OPTIMIZATION_LEVEL = "-Onone";
				TARGETED_DEVICE_FAMILY = 2;
			};
			name = Debug;
		};
		FB037F0C196EEF98006E383D /* Release */ = {
			isa = XCBuildConfiguration;
			buildSettings = {
				ALWAYS_SEARCH_USER_PATHS = NO;
				CLANG_CXX_LANGUAGE_STANDARD = "gnu++0x";
				CLANG_CXX_LIBRARY = "libc++";
				CLANG_ENABLE_MODULES = YES;
				CLANG_ENABLE_OBJC_ARC = YES;
				CLANG_WARN_BOOL_CONVERSION = YES;
				CLANG_WARN_CONSTANT_CONVERSION = YES;
				CLANG_WARN_DIRECT_OBJC_ISA_USAGE = YES_ERROR;
				CLANG_WARN_EMPTY_BODY = YES;
				CLANG_WARN_ENUM_CONVERSION = YES;
				CLANG_WARN_INT_CONVERSION = YES;
				CLANG_WARN_OBJC_ROOT_CLASS = YES_ERROR;
				CLANG_WARN_UNREACHABLE_CODE = YES;
				CLANG_WARN__DUPLICATE_METHOD_MATCH = YES;
				"CODE_SIGN_IDENTITY[sdk=iphoneos*]" = "iPhone Developer";
				COPY_PHASE_STRIP = YES;
				ENABLE_NS_ASSERTIONS = NO;
				ENABLE_STRICT_OBJC_MSGSEND = YES;
				GCC_C_LANGUAGE_STANDARD = gnu99;
				GCC_WARN_64_TO_32_BIT_CONVERSION = YES;
				GCC_WARN_ABOUT_RETURN_TYPE = YES_ERROR;
				GCC_WARN_UNDECLARED_SELECTOR = YES;
				GCC_WARN_UNINITIALIZED_AUTOS = YES_AGGRESSIVE;
				GCC_WARN_UNUSED_FUNCTION = YES;
				GCC_WARN_UNUSED_VARIABLE = YES;
				IPHONEOS_DEPLOYMENT_TARGET = 8.0;
				MTL_ENABLE_DEBUG_INFO = NO;
				SDKROOT = iphoneos;
				SWIFT_OBJC_BRIDGING_HEADER = "OScope/OScope-Bridging-Header.h";
				TARGETED_DEVICE_FAMILY = 2;
				VALIDATE_PRODUCT = YES;
			};
			name = Release;
		};
		FB037F0E196EEF98006E383D /* Debug */ = {
			isa = XCBuildConfiguration;
			buildSettings = {
				ASSETCATALOG_COMPILER_APPICON_NAME = AppIcon;
				ASSETCATALOG_COMPILER_LAUNCHIMAGE_NAME = LaunchImage;
				INFOPLIST_FILE = OScope/Info.plist;
				LD_RUNPATH_SEARCH_PATHS = "$(inherited) @executable_path/Frameworks";
				PRODUCT_NAME = "$(TARGET_NAME)";
			};
			name = Debug;
		};
		FB037F0F196EEF98006E383D /* Release */ = {
			isa = XCBuildConfiguration;
			buildSettings = {
				ASSETCATALOG_COMPILER_APPICON_NAME = AppIcon;
				ASSETCATALOG_COMPILER_LAUNCHIMAGE_NAME = LaunchImage;
				INFOPLIST_FILE = OScope/Info.plist;
				LD_RUNPATH_SEARCH_PATHS = "$(inherited) @executable_path/Frameworks";
				PRODUCT_NAME = "$(TARGET_NAME)";
			};
			name = Release;
		};
		FB037F11196EEF98006E383D /* Debug */ = {
			isa = XCBuildConfiguration;
			buildSettings = {
				BUNDLE_LOADER = "$(BUILT_PRODUCTS_DIR)/OScope.app/OScope";
				FRAMEWORK_SEARCH_PATHS = (
					"$(SDKROOT)/Developer/Library/Frameworks",
					"$(inherited)",
				);
				GCC_PREPROCESSOR_DEFINITIONS = (
					"DEBUG=1",
					"$(inherited)",
				);
				INFOPLIST_FILE = OScopeTests/Info.plist;
				LD_RUNPATH_SEARCH_PATHS = "$(inherited) @executable_path/Frameworks @loader_path/Frameworks";
				PRODUCT_NAME = "$(TARGET_NAME)";
				TEST_HOST = "$(BUNDLE_LOADER)";
			};
			name = Debug;
		};
		FB037F12196EEF98006E383D /* Release */ = {
			isa = XCBuildConfiguration;
			buildSettings = {
				BUNDLE_LOADER = "$(BUILT_PRODUCTS_DIR)/OScope.app/OScope";
				FRAMEWORK_SEARCH_PATHS = (
					"$(SDKROOT)/Developer/Library/Frameworks",
					"$(inherited)",
				);
				INFOPLIST_FILE = OScopeTests/Info.plist;
				LD_RUNPATH_SEARCH_PATHS = "$(inherited) @executable_path/Frameworks @loader_path/Frameworks";
				PRODUCT_NAME = "$(TARGET_NAME)";
				TEST_HOST = "$(BUNDLE_LOADER)";
			};
			name = Release;
		};
/* End XCBuildConfiguration section */

/* Begin XCConfigurationList section */
		FB037EEC196EEF98006E383D /* Build configuration list for PBXProject "OScope" */ = {
			isa = XCConfigurationList;
			buildConfigurations = (
				FB037F0B196EEF98006E383D /* Debug */,
				FB037F0C196EEF98006E383D /* Release */,
			);
			defaultConfigurationIsVisible = 0;
			defaultConfigurationName = Release;
		};
		FB037F0D196EEF98006E383D /* Build configuration list for PBXNativeTarget "OScope" */ = {
			isa = XCConfigurationList;
			buildConfigurations = (
				FB037F0E196EEF98006E383D /* Debug */,
				FB037F0F196EEF98006E383D /* Release */,
			);
			defaultConfigurationIsVisible = 0;
			defaultConfigurationName = Release;
		};
		FB037F10196EEF98006E383D /* Build configuration list for PBXNativeTarget "OScopeTests" */ = {
			isa = XCConfigurationList;
			buildConfigurations = (
				FB037F11196EEF98006E383D /* Debug */,
				FB037F12196EEF98006E383D /* Release */,
			);
			defaultConfigurationIsVisible = 0;
			defaultConfigurationName = Release;
		};
/* End XCConfigurationList section */
	};
	rootObject = FB037EE9196EEF98006E383D /* Project object */;
}
